// !$*UTF8*$!
{
	archiveVersion = 1;
	classes = {
	};
	objectVersion = 46;
	objects = {

/* Begin PBXBuildFile section */
		18259BB81B99EC17003AF1A0 /* main.m in Sources */ = {isa = PBXBuildFile; fileRef = 18259BB71B99EC17003AF1A0 /* main.m */; };
		18259BBB1B99EC17003AF1A0 /* AppDelegate.m in Sources */ = {isa = PBXBuildFile; fileRef = 18259BBA1B99EC17003AF1A0 /* AppDelegate.m */; };
		18259BBE1B99EC17003AF1A0 /* ViewController.m in Sources */ = {isa = PBXBuildFile; fileRef = 18259BBD1B99EC17003AF1A0 /* ViewController.m */; };
		18259BC11B99EC17003AF1A0 /* Main.storyboard in Resources */ = {isa = PBXBuildFile; fileRef = 18259BBF1B99EC17003AF1A0 /* Main.storyboard */; };
		18259BC31B99EC17003AF1A0 /* Images.xcassets in Resources */ = {isa = PBXBuildFile; fileRef = 18259BC21B99EC17003AF1A0 /* Images.xcassets */; };
		18259BC61B99EC17003AF1A0 /* LaunchScreen.xib in Resources */ = {isa = PBXBuildFile; fileRef = 18259BC41B99EC17003AF1A0 /* LaunchScreen.xib */; };
		86950D40586010024E7A34D7 /* libPods.a in Frameworks */ = {isa = PBXBuildFile; fileRef = B8FA914E666F077D8FA7847E /* libPods.a */; };
/* End PBXBuildFile section */

/* Begin PBXFileReference section */
		18259BB21B99EC17003AF1A0 /* NoProcessing-sample.app */ = {isa = PBXFileReference; explicitFileType = wrapper.application; includeInIndex = 0; path = "NoProcessing-sample.app"; sourceTree = BUILT_PRODUCTS_DIR; };
		18259BB61B99EC17003AF1A0 /* Info.plist */ = {isa = PBXFileReference; lastKnownFileType = text.plist.xml; path = Info.plist; sourceTree = "<group>"; };
		18259BB71B99EC17003AF1A0 /* main.m */ = {isa = PBXFileReference; lastKnownFileType = sourcecode.c.objc; path = main.m; sourceTree = "<group>"; };
		18259BB91B99EC17003AF1A0 /* AppDelegate.h */ = {isa = PBXFileReference; lastKnownFileType = sourcecode.c.h; path = AppDelegate.h; sourceTree = "<group>"; };
		18259BBA1B99EC17003AF1A0 /* AppDelegate.m */ = {isa = PBXFileReference; lastKnownFileType = sourcecode.c.objc; path = AppDelegate.m; sourceTree = "<group>"; };
		18259BBC1B99EC17003AF1A0 /* ViewController.h */ = {isa = PBXFileReference; lastKnownFileType = sourcecode.c.h; path = ViewController.h; sourceTree = "<group>"; };
		18259BBD1B99EC17003AF1A0 /* ViewController.m */ = {isa = PBXFileReference; lastKnownFileType = sourcecode.c.objc; path = ViewController.m; sourceTree = "<group>"; };
		18259BC01B99EC17003AF1A0 /* Base */ = {isa = PBXFileReference; lastKnownFileType = file.storyboard; name = Base; path = Base.lproj/Main.storyboard; sourceTree = "<group>"; };
		18259BC21B99EC17003AF1A0 /* Images.xcassets */ = {isa = PBXFileReference; lastKnownFileType = folder.assetcatalog; path = Images.xcassets; sourceTree = "<group>"; };
		18259BC51B99EC17003AF1A0 /* Base */ = {isa = PBXFileReference; lastKnownFileType = file.xib; name = Base; path = Base.lproj/LaunchScreen.xib; sourceTree = "<group>"; };
		B48B0BD0B27AFA74009E9834 /* Pods.debug.xcconfig */ = {isa = PBXFileReference; includeInIndex = 1; lastKnownFileType = text.xcconfig; name = Pods.debug.xcconfig; path = "Pods/Target Support Files/Pods/Pods.debug.xcconfig"; sourceTree = "<group>"; };
		B8FA914E666F077D8FA7847E /* libPods.a */ = {isa = PBXFileReference; explicitFileType = archive.ar; includeInIndex = 0; path = libPods.a; sourceTree = BUILT_PRODUCTS_DIR; };
		CD626BC9E4D87D648D58229B /* Pods.release.xcconfig */ = {isa = PBXFileReference; includeInIndex = 1; lastKnownFileType = text.xcconfig; name = Pods.release.xcconfig; path = "Pods/Target Support Files/Pods/Pods.release.xcconfig"; sourceTree = "<group>"; };
/* End PBXFileReference section */

/* Begin PBXFrameworksBuildPhase section */
		18259BAF1B99EC17003AF1A0 /* Frameworks */ = {
			isa = PBXFrameworksBuildPhase;
			buildActionMask = 2147483647;
			files = (
				86950D40586010024E7A34D7 /* libPods.a in Frameworks */,
			);
			runOnlyForDeploymentPostprocessing = 0;
		};
/* End PBXFrameworksBuildPhase section */

/* Begin PBXGroup section */
		18259BA91B99EC17003AF1A0 = {
			isa = PBXGroup;
			children = (
				18259BB41B99EC17003AF1A0 /* NoProcessing-sample */,
				18259BB31B99EC17003AF1A0 /* Products */,
				42B96C1597E687FD3939F9B3 /* Pods */,
				6A6F7A64115279F6566C5CEB /* Frameworks */,
			);
			sourceTree = "<group>";
		};
		18259BB31B99EC17003AF1A0 /* Products */ = {
			isa = PBXGroup;
			children = (
				18259BB21B99EC17003AF1A0 /* NoProcessing-sample.app */,
			);
			name = Products;
			sourceTree = "<group>";
		};
		18259BB41B99EC17003AF1A0 /* NoProcessing-sample */ = {
			isa = PBXGroup;
			children = (
				18259BB91B99EC17003AF1A0 /* AppDelegate.h */,
				18259BBA1B99EC17003AF1A0 /* AppDelegate.m */,
				18259BBC1B99EC17003AF1A0 /* ViewController.h */,
				18259BBD1B99EC17003AF1A0 /* ViewController.m */,
				18259BBF1B99EC17003AF1A0 /* Main.storyboard */,
				18259BC21B99EC17003AF1A0 /* Images.xcassets */,
				18259BC41B99EC17003AF1A0 /* LaunchScreen.xib */,
				18259BB51B99EC17003AF1A0 /* Supporting Files */,
			);
			path = "NoProcessing-sample";
			sourceTree = "<group>";
		};
		18259BB51B99EC17003AF1A0 /* Supporting Files */ = {
			isa = PBXGroup;
			children = (
				18259BB61B99EC17003AF1A0 /* Info.plist */,
				18259BB71B99EC17003AF1A0 /* main.m */,
			);
			name = "Supporting Files";
			sourceTree = "<group>";
		};
		42B96C1597E687FD3939F9B3 /* Pods */ = {
			isa = PBXGroup;
			children = (
				B48B0BD0B27AFA74009E9834 /* Pods.debug.xcconfig */,
				CD626BC9E4D87D648D58229B /* Pods.release.xcconfig */,
			);
			name = Pods;
			sourceTree = "<group>";
		};
		6A6F7A64115279F6566C5CEB /* Frameworks */ = {
			isa = PBXGroup;
			children = (
				B8FA914E666F077D8FA7847E /* libPods.a */,
			);
			name = Frameworks;
			sourceTree = "<group>";
		};
/* End PBXGroup section */

/* Begin PBXNativeTarget section */
		18259BB11B99EC17003AF1A0 /* NoProcessing-sample */ = {
			isa = PBXNativeTarget;
			buildConfigurationList = 18259BD51B99EC17003AF1A0 /* Build configuration list for PBXNativeTarget "NoProcessing-sample" */;
			buildPhases = (
				1CAB7FCE4FD021157E0A8D06 /* Check Pods Manifest.lock */,
				18259BAE1B99EC17003AF1A0 /* Sources */,
				18259BAF1B99EC17003AF1A0 /* Frameworks */,
				18259BB01B99EC17003AF1A0 /* Resources */,
				14884573A07C4505E6E05554 /* Copy Pods Resources */,
			);
			buildRules = (
			);
			dependencies = (
			);
			name = "NoProcessing-sample";
			productName = "NoProcessing-sample";
			productReference = 18259BB21B99EC17003AF1A0 /* NoProcessing-sample.app */;
			productType = "com.apple.product-type.application";
		};
/* End PBXNativeTarget section */

/* Begin PBXProject section */
		18259BAA1B99EC17003AF1A0 /* Project object */ = {
			isa = PBXProject;
			attributes = {
				LastUpgradeCheck = 0640;
				ORGANIZATIONNAME = MicroBlink;
				TargetAttributes = {
					18259BB11B99EC17003AF1A0 = {
						CreatedOnToolsVersion = 6.4;
					};
				};
			};
			buildConfigurationList = 18259BAD1B99EC17003AF1A0 /* Build configuration list for PBXProject "NoProcessing-sample" */;
			compatibilityVersion = "Xcode 3.2";
			developmentRegion = English;
			hasScannedForEncodings = 0;
			knownRegions = (
				en,
				Base,
			);
			mainGroup = 18259BA91B99EC17003AF1A0;
			productRefGroup = 18259BB31B99EC17003AF1A0 /* Products */;
			projectDirPath = "";
			projectRoot = "";
			targets = (
				18259BB11B99EC17003AF1A0 /* NoProcessing-sample */,
			);
		};
/* End PBXProject section */

/* Begin PBXResourcesBuildPhase section */
		18259BB01B99EC17003AF1A0 /* Resources */ = {
			isa = PBXResourcesBuildPhase;
			buildActionMask = 2147483647;
			files = (
				18259BC11B99EC17003AF1A0 /* Main.storyboard in Resources */,
				18259BC61B99EC17003AF1A0 /* LaunchScreen.xib in Resources */,
				18259BC31B99EC17003AF1A0 /* Images.xcassets in Resources */,
			);
			runOnlyForDeploymentPostprocessing = 0;
		};
/* End PBXResourcesBuildPhase section */

/* Begin PBXShellScriptBuildPhase section */
		14884573A07C4505E6E05554 /* Copy Pods Resources */ = {
			isa = PBXShellScriptBuildPhase;
			buildActionMask = 2147483647;
			files = (
			);
			inputPaths = (
			);
			name = "Copy Pods Resources";
			outputPaths = (
			);
			runOnlyForDeploymentPostprocessing = 0;
			shellPath = /bin/sh;
			shellScript = "\"${SRCROOT}/Pods/Target Support Files/Pods/Pods-resources.sh\"\n";
			showEnvVarsInLog = 0;
		};
		1CAB7FCE4FD021157E0A8D06 /* Check Pods Manifest.lock */ = {
			isa = PBXShellScriptBuildPhase;
			buildActionMask = 2147483647;
			files = (
			);
			inputPaths = (
			);
			name = "Check Pods Manifest.lock";
			outputPaths = (
			);
			runOnlyForDeploymentPostprocessing = 0;
			shellPath = /bin/sh;
			shellScript = "diff \"${PODS_ROOT}/../Podfile.lock\" \"${PODS_ROOT}/Manifest.lock\" > /dev/null\nif [[ $? != 0 ]] ; then\n    cat << EOM\nerror: The sandbox is not in sync with the Podfile.lock. Run 'pod install' or update your CocoaPods installation.\nEOM\n    exit 1\nfi\n";
			showEnvVarsInLog = 0;
		};
/* End PBXShellScriptBuildPhase section */

/* Begin PBXSourcesBuildPhase section */
		18259BAE1B99EC17003AF1A0 /* Sources */ = {
			isa = PBXSourcesBuildPhase;
			buildActionMask = 2147483647;
			files = (
				18259BBE1B99EC17003AF1A0 /* ViewController.m in Sources */,
				18259BBB1B99EC17003AF1A0 /* AppDelegate.m in Sources */,
				18259BB81B99EC17003AF1A0 /* main.m in Sources */,
			);
			runOnlyForDeploymentPostprocessing = 0;
		};
/* End PBXSourcesBuildPhase section */

/* Begin PBXVariantGroup section */
		18259BBF1B99EC17003AF1A0 /* Main.storyboard */ = {
			isa = PBXVariantGroup;
			children = (
				18259BC01B99EC17003AF1A0 /* Base */,
			);
			name = Main.storyboard;
			sourceTree = "<group>";
		};
		18259BC41B99EC17003AF1A0 /* LaunchScreen.xib */ = {
			isa = PBXVariantGroup;
			children = (
				18259BC51B99EC17003AF1A0 /* Base */,
			);
			name = LaunchScreen.xib;
			sourceTree = "<group>";
		};
/* End PBXVariantGroup section */

/* Begin XCBuildConfiguration section */
		18259BD31B99EC17003AF1A0 /* Debug */ = {
			isa = XCBuildConfiguration;
			buildSettings = {
				ALWAYS_SEARCH_USER_PATHS = NO;
				CLANG_CXX_LANGUAGE_STANDARD = "gnu++0x";
				CLANG_CXX_LIBRARY = "libc++";
				CLANG_ENABLE_MODULES = YES;
				CLANG_ENABLE_OBJC_ARC = YES;
				CLANG_WARN_BOOL_CONVERSION = YES;
				CLANG_WARN_CONSTANT_CONVERSION = YES;
				CLANG_WARN_DIRECT_OBJC_ISA_USAGE = YES_ERROR;
				CLANG_WARN_EMPTY_BODY = YES;
				CLANG_WARN_ENUM_CONVERSION = YES;
				CLANG_WARN_INT_CONVERSION = YES;
				CLANG_WARN_OBJC_ROOT_CLASS = YES_ERROR;
				CLANG_WARN_UNREACHABLE_CODE = YES;
				CLANG_WARN__DUPLICATE_METHOD_MATCH = YES;
				"CODE_SIGN_IDENTITY[sdk=iphoneos*]" = "iPhone Developer";
				COPY_PHASE_STRIP = NO;
				DEBUG_INFORMATION_FORMAT = "dwarf-with-dsym";
				ENABLE_STRICT_OBJC_MSGSEND = YES;
				GCC_C_LANGUAGE_STANDARD = gnu99;
				GCC_DYNAMIC_NO_PIC = NO;
				GCC_NO_COMMON_BLOCKS = YES;
				GCC_OPTIMIZATION_LEVEL = 0;
				GCC_PREPROCESSOR_DEFINITIONS = (
					"DEBUG=1",
					"$(inherited)",
				);
				GCC_SYMBOLS_PRIVATE_EXTERN = NO;
				GCC_WARN_64_TO_32_BIT_CONVERSION = YES;
				GCC_WARN_ABOUT_RETURN_TYPE = YES_ERROR;
				GCC_WARN_UNDECLARED_SELECTOR = YES;
				GCC_WARN_UNINITIALIZED_AUTOS = YES_AGGRESSIVE;
				GCC_WARN_UNUSED_FUNCTION = YES;
				GCC_WARN_UNUSED_VARIABLE = YES;
				IPHONEOS_DEPLOYMENT_TARGET = 8.4;
				MTL_ENABLE_DEBUG_INFO = YES;
				ONLY_ACTIVE_ARCH = YES;
				SDKROOT = iphoneos;
				TARGETED_DEVICE_FAMILY = "1,2";
			};
			name = Debug;
		};
		18259BD41B99EC17003AF1A0 /* Release */ = {
			isa = XCBuildConfiguration;
			buildSettings = {
				ALWAYS_SEARCH_USER_PATHS = NO;
				CLANG_CXX_LANGUAGE_STANDARD = "gnu++0x";
				CLANG_CXX_LIBRARY = "libc++";
				CLANG_ENABLE_MODULES = YES;
				CLANG_ENABLE_OBJC_ARC = YES;
				CLANG_WARN_BOOL_CONVERSION = YES;
				CLANG_WARN_CONSTANT_CONVERSION = YES;
				CLANG_WARN_DIRECT_OBJC_ISA_USAGE = YES_ERROR;
				CLANG_WARN_EMPTY_BODY = YES;
				CLANG_WARN_ENUM_CONVERSION = YES;
				CLANG_WARN_INT_CONVERSION = YES;
				CLANG_WARN_OBJC_ROOT_CLASS = YES_ERROR;
				CLANG_WARN_UNREACHABLE_CODE = YES;
				CLANG_WARN__DUPLICATE_METHOD_MATCH = YES;
				"CODE_SIGN_IDENTITY[sdk=iphoneos*]" = "iPhone Developer";
				COPY_PHASE_STRIP = NO;
				DEBUG_INFORMATION_FORMAT = "dwarf-with-dsym";
				ENABLE_NS_ASSERTIONS = NO;
				ENABLE_STRICT_OBJC_MSGSEND = YES;
				GCC_C_LANGUAGE_STANDARD = gnu99;
				GCC_NO_COMMON_BLOCKS = YES;
				GCC_WARN_64_TO_32_BIT_CONVERSION = YES;
				GCC_WARN_ABOUT_RETURN_TYPE = YES_ERROR;
				GCC_WARN_UNDECLARED_SELECTOR = YES;
				GCC_WARN_UNINITIALIZED_AUTOS = YES_AGGRESSIVE;
				GCC_WARN_UNUSED_FUNCTION = YES;
				GCC_WARN_UNUSED_VARIABLE = YES;
				IPHONEOS_DEPLOYMENT_TARGET = 8.4;
				MTL_ENABLE_DEBUG_INFO = NO;
				SDKROOT = iphoneos;
				TARGETED_DEVICE_FAMILY = "1,2";
				VALIDATE_PRODUCT = YES;
			};
			name = Release;
		};
		18259BD61B99EC17003AF1A0 /* Debug */ = {
			isa = XCBuildConfiguration;
			baseConfigurationReference = B48B0BD0B27AFA74009E9834 /* Pods.debug.xcconfig */;
			buildSettings = {
				ASSETCATALOG_COMPILER_APPICON_NAME = AppIcon;
				INFOPLIST_FILE = "NoProcessing-sample/Info.plist";
				LD_RUNPATH_SEARCH_PATHS = "$(inherited) @executable_path/Frameworks";
				PRODUCT_NAME = "$(TARGET_NAME)";
			};
			name = Debug;
		};
		18259BD71B99EC17003AF1A0 /* Release */ = {
			isa = XCBuildConfiguration;
			baseConfigurationReference = CD626BC9E4D87D648D58229B /* Pods.release.xcconfig */;
			buildSettings = {
				ASSETCATALOG_COMPILER_APPICON_NAME = AppIcon;
				INFOPLIST_FILE = "NoProcessing-sample/Info.plist";
				LD_RUNPATH_SEARCH_PATHS = "$(inherited) @executable_path/Frameworks";
				PRODUCT_NAME = "$(TARGET_NAME)";
			};
			name = Release;
		};
/* End XCBuildConfiguration section */

/* Begin XCConfigurationList section */
		18259BAD1B99EC17003AF1A0 /* Build configuration list for PBXProject "NoProcessing-sample" */ = {
			isa = XCConfigurationList;
			buildConfigurations = (
				18259BD31B99EC17003AF1A0 /* Debug */,
				18259BD41B99EC17003AF1A0 /* Release */,
			);
			defaultConfigurationIsVisible = 0;
			defaultConfigurationName = Release;
		};
		18259BD51B99EC17003AF1A0 /* Build configuration list for PBXNativeTarget "NoProcessing-sample" */ = {
			isa = XCConfigurationList;
			buildConfigurations = (
				18259BD61B99EC17003AF1A0 /* Debug */,
				18259BD71B99EC17003AF1A0 /* Release */,
			);
			defaultConfigurationIsVisible = 0;
			defaultConfigurationName = Release;
		};
/* End XCConfigurationList section */
	};
	rootObject = 18259BAA1B99EC17003AF1A0 /* Project object */;
}
